
Microsoft Visual Studio Solution File, Format Version 12.00
Project("{2150E333-8FDC-42A3-9474-1A3956D46DE8}") = "1. Apresentação", "1. Apresentação", "{0C9ADFD9-0022-4C22-90D5-0EE3B126F67E}"
EndProject
Project("{2150E333-8FDC-42A3-9474-1A3956D46DE8}") = "2. Dominio", "2. Dominio", "{C7189A70-F2CF-4BCA-BD62-D2F59F95BE22}"
EndProject
Project("{2150E333-8FDC-42A3-9474-1A3956D46DE8}") = "3. Infraestrutura", "3. Infraestrutura", "{D0FBD3B5-3F6B-4437-8CB0-7749C6E7D18A}"
EndProject
Project("{2150E333-8FDC-42A3-9474-1A3956D46DE8}") = "4. Testes", "4. Testes", "{F8D99F4C-929F-4B47-AF18-51107AFF1D48}"
EndProject
Project("{FAE04EC0-301F-11D3-BF4B-00C04F79EFBC}") = "LocadoraDeCarros.WebApp", "LocadoraDeCarros.WebApp\LocadoraDeCarros.WebApp.csproj", "{993B9B67-2BAE-4961-8C9B-483F7F2E91A8}"
EndProject
Project("{FAE04EC0-301F-11D3-BF4B-00C04F79EFBC}") = "LocadoraDeCarros.Dominio", "LocadoraDeCarros.Dominio\LocadoraDeCarros.Dominio.csproj", "{C2ABAE1A-F242-4039-A133-A9D1ED8C64D0}"
EndProject
Project("{FAE04EC0-301F-11D3-BF4B-00C04F79EFBC}") = "LocadoraDeCarros.Infra.Orm", "LocadoraDeCarros.Infra.Orm\LocadoraDeCarros.Infra.Orm.csproj", "{50551B49-8615-4F94-934A-120A5029FC6A}"
EndProject
Project("{FAE04EC0-301F-11D3-BF4B-00C04F79EFBC}") = "LocadoraDeCarros.Testes", "LocadoraDeCarros.Testes\LocadoraDeCarros.Testes.csproj", "{A7752C2C-89E0-489A-9D6F-19980402A833}"
EndProject
Global
	GlobalSection(SolutionConfigurationPlatforms) = preSolution
		Debug|Any CPU = Debug|Any CPU
		Release|Any CPU = Release|Any CPU
	EndGlobalSection
	GlobalSection(NestedProjects) = preSolution
		{993B9B67-2BAE-4961-8C9B-483F7F2E91A8} = {0C9ADFD9-0022-4C22-90D5-0EE3B126F67E}
		{C2ABAE1A-F242-4039-A133-A9D1ED8C64D0} = {C7189A70-F2CF-4BCA-BD62-D2F59F95BE22}
		{50551B49-8615-4F94-934A-120A5029FC6A} = {D0FBD3B5-3F6B-4437-8CB0-7749C6E7D18A}
		{A7752C2C-89E0-489A-9D6F-19980402A833} = {F8D99F4C-929F-4B47-AF18-51107AFF1D48}
	EndGlobalSection
	GlobalSection(ProjectConfigurationPlatforms) = postSolution
		{993B9B67-2BAE-4961-8C9B-483F7F2E91A8}.Debug|Any CPU.ActiveCfg = Debug|Any CPU
		{993B9B67-2BAE-4961-8C9B-483F7F2E91A8}.Debug|Any CPU.Build.0 = Debug|Any CPU
		{993B9B67-2BAE-4961-8C9B-483F7F2E91A8}.Release|Any CPU.ActiveCfg = Release|Any CPU
		{993B9B67-2BAE-4961-8C9B-483F7F2E91A8}.Release|Any CPU.Build.0 = Release|Any CPU
		{C2ABAE1A-F242-4039-A133-A9D1ED8C64D0}.Debug|Any CPU.ActiveCfg = Debug|Any CPU
		{C2ABAE1A-F242-4039-A133-A9D1ED8C64D0}.Debug|Any CPU.Build.0 = Debug|Any CPU
		{C2ABAE1A-F242-4039-A133-A9D1ED8C64D0}.Release|Any CPU.ActiveCfg = Release|Any CPU
		{C2ABAE1A-F242-4039-A133-A9D1ED8C64D0}.Release|Any CPU.Build.0 = Release|Any CPU
		{50551B49-8615-4F94-934A-120A5029FC6A}.Debug|Any CPU.ActiveCfg = Debug|Any CPU
		{50551B49-8615-4F94-934A-120A5029FC6A}.Debug|Any CPU.Build.0 = Debug|Any CPU
		{50551B49-8615-4F94-934A-120A5029FC6A}.Release|Any CPU.ActiveCfg = Release|Any CPU
		{50551B49-8615-4F94-934A-120A5029FC6A}.Release|Any CPU.Build.0 = Release|Any CPU
		{A7752C2C-89E0-489A-9D6F-19980402A833}.Debug|Any CPU.ActiveCfg = Debug|Any CPU
		{A7752C2C-89E0-489A-9D6F-19980402A833}.Debug|Any CPU.Build.0 = Debug|Any CPU
		{A7752C2C-89E0-489A-9D6F-19980402A833}.Release|Any CPU.ActiveCfg = Release|Any CPU
		{A7752C2C-89E0-489A-9D6F-19980402A833}.Release|Any CPU.Build.0 = Release|Any CPU
	EndGlobalSection
EndGlobal
