
Microsoft Visual Studio Solution File, Format Version 12.00
Project("{2150E333-8FDC-42A3-9474-1A3956D46DE8}") = "1. Apresentação", "1. Apresentação", "{0C9ADFD9-0022-4C22-90D5-0EE3B126F67E}"
EndProject
Project("{2150E333-8FDC-42A3-9474-1A3956D46DE8}") = "3. Dominio", "3. Dominio", "{C7189A70-F2CF-4BCA-BD62-D2F59F95BE22}"
EndProject
Project("{2150E333-8FDC-42A3-9474-1A3956D46DE8}") = "4. Infraestrutura", "4. Infraestrutura", "{D0FBD3B5-3F6B-4437-8CB0-7749C6E7D18A}"
EndProject
Project("{FAE04EC0-301F-11D3-BF4B-00C04F79EFBC}") = "LocadoraDeCarros.WebApp", "LocadoraDeCarros.WebApp\LocadoraDeCarros.WebApp.csproj", "{993B9B67-2BAE-4961-8C9B-483F7F2E91A8}"
EndProject
Project("{FAE04EC0-301F-11D3-BF4B-00C04F79EFBC}") = "LocadoraDeCarros.Dominio", "LocadoraDeCarros.Dominio\LocadoraDeCarros.Dominio.csproj", "{C2ABAE1A-F242-4039-A133-A9D1ED8C64D0}"
EndProject
Project("{FAE04EC0-301F-11D3-BF4B-00C04F79EFBC}") = "LocadoraDeCarros.Infra.Orm", "LocadoraDeCarros.Infra.Orm\LocadoraDeCarros.Infra.Orm.csproj", "{50551B49-8615-4F94-934A-120A5029FC6A}"
EndProject
Project("{2150E333-8FDC-42A3-9474-1A3956D46DE8}") = "2. Aplicação", "2. Aplicação", "{BA7AE026-D274-4A00-9F74-2CBB8CD37DF9}"
EndProject
Project("{FAE04EC0-301F-11D3-BF4B-00C04F79EFBC}") = "LocadoraDeCarros.Aplicação", "LocadoraDeCarros.Aplicação\LocadoraDeCarros.Aplicação.csproj", "{2CCC33BC-1B6B-46A9-B546-8FCA191514CD}"
EndProject
Project("{2150E333-8FDC-42A3-9474-1A3956D46DE8}") = "5. Testes", "5. Testes", "{8A4D9A45-70BB-4946-9C6A-7E4432321659}"
EndProject
Project("{FAE04EC0-301F-11D3-BF4B-00C04F79EFBC}") = "LocadoraDeCarros.Testes.Integracao", "LocadoraDeCarros.Testes.Integracao\LocadoraDeCarros.Testes.Integracao.csproj", "{28F60439-2B64-483E-BCA3-F65F5C31CA66}"
EndProject
Project("{2150E333-8FDC-42A3-9474-1A3956D46DE8}") = "5.1. Unidade", "5.1. Unidade", "{8FCA0E08-E524-4317-9668-BF4B596E9834}"
EndProject
Project("{2150E333-8FDC-42A3-9474-1A3956D46DE8}") = "5.2. Integração", "5.2. Integração", "{90D5177C-F47C-48C5-9792-58AD96603389}"
EndProject
Project("{FAE04EC0-301F-11D3-BF4B-00C04F79EFBC}") = "LocadoraDeCarros.Testes.Unidade", "LocadoraDeCarros.Testes.Unidade\LocadoraDeCarros.Testes.Unidade.csproj", "{686C7DCF-3479-416D-9C28-039A5AB8E0F0}"
EndProject
Global
	GlobalSection(SolutionConfigurationPlatforms) = preSolution
		Debug|Any CPU = Debug|Any CPU
		Release|Any CPU = Release|Any CPU
	EndGlobalSection
	GlobalSection(NestedProjects) = preSolution
		{993B9B67-2BAE-4961-8C9B-483F7F2E91A8} = {0C9ADFD9-0022-4C22-90D5-0EE3B126F67E}
		{C2ABAE1A-F242-4039-A133-A9D1ED8C64D0} = {C7189A70-F2CF-4BCA-BD62-D2F59F95BE22}
		{50551B49-8615-4F94-934A-120A5029FC6A} = {D0FBD3B5-3F6B-4437-8CB0-7749C6E7D18A}
		{2CCC33BC-1B6B-46A9-B546-8FCA191514CD} = {BA7AE026-D274-4A00-9F74-2CBB8CD37DF9}
		{8FCA0E08-E524-4317-9668-BF4B596E9834} = {8A4D9A45-70BB-4946-9C6A-7E4432321659}
		{90D5177C-F47C-48C5-9792-58AD96603389} = {8A4D9A45-70BB-4946-9C6A-7E4432321659}
		{686C7DCF-3479-416D-9C28-039A5AB8E0F0} = {8FCA0E08-E524-4317-9668-BF4B596E9834}
		{28F60439-2B64-483E-BCA3-F65F5C31CA66} = {90D5177C-F47C-48C5-9792-58AD96603389}
	EndGlobalSection
	GlobalSection(ProjectConfigurationPlatforms) = postSolution
		{993B9B67-2BAE-4961-8C9B-483F7F2E91A8}.Debug|Any CPU.ActiveCfg = Debug|Any CPU
		{993B9B67-2BAE-4961-8C9B-483F7F2E91A8}.Debug|Any CPU.Build.0 = Debug|Any CPU
		{993B9B67-2BAE-4961-8C9B-483F7F2E91A8}.Release|Any CPU.ActiveCfg = Release|Any CPU
		{993B9B67-2BAE-4961-8C9B-483F7F2E91A8}.Release|Any CPU.Build.0 = Release|Any CPU
		{C2ABAE1A-F242-4039-A133-A9D1ED8C64D0}.Debug|Any CPU.ActiveCfg = Debug|Any CPU
		{C2ABAE1A-F242-4039-A133-A9D1ED8C64D0}.Debug|Any CPU.Build.0 = Debug|Any CPU
		{C2ABAE1A-F242-4039-A133-A9D1ED8C64D0}.Release|Any CPU.ActiveCfg = Release|Any CPU
		{C2ABAE1A-F242-4039-A133-A9D1ED8C64D0}.Release|Any CPU.Build.0 = Release|Any CPU
		{50551B49-8615-4F94-934A-120A5029FC6A}.Debug|Any CPU.ActiveCfg = Debug|Any CPU
		{50551B49-8615-4F94-934A-120A5029FC6A}.Debug|Any CPU.Build.0 = Debug|Any CPU
		{50551B49-8615-4F94-934A-120A5029FC6A}.Release|Any CPU.ActiveCfg = Release|Any CPU
		{50551B49-8615-4F94-934A-120A5029FC6A}.Release|Any CPU.Build.0 = Release|Any CPU
		{2CCC33BC-1B6B-46A9-B546-8FCA191514CD}.Debug|Any CPU.ActiveCfg = Debug|Any CPU
		{2CCC33BC-1B6B-46A9-B546-8FCA191514CD}.Debug|Any CPU.Build.0 = Debug|Any CPU
		{2CCC33BC-1B6B-46A9-B546-8FCA191514CD}.Release|Any CPU.ActiveCfg = Release|Any CPU
		{2CCC33BC-1B6B-46A9-B546-8FCA191514CD}.Release|Any CPU.Build.0 = Release|Any CPU
		{28F60439-2B64-483E-BCA3-F65F5C31CA66}.Debug|Any CPU.ActiveCfg = Debug|Any CPU
		{28F60439-2B64-483E-BCA3-F65F5C31CA66}.Debug|Any CPU.Build.0 = Debug|Any CPU
		{28F60439-2B64-483E-BCA3-F65F5C31CA66}.Release|Any CPU.ActiveCfg = Release|Any CPU
		{28F60439-2B64-483E-BCA3-F65F5C31CA66}.Release|Any CPU.Build.0 = Release|Any CPU
		{686C7DCF-3479-416D-9C28-039A5AB8E0F0}.Debug|Any CPU.ActiveCfg = Debug|Any CPU
		{686C7DCF-3479-416D-9C28-039A5AB8E0F0}.Debug|Any CPU.Build.0 = Debug|Any CPU
		{686C7DCF-3479-416D-9C28-039A5AB8E0F0}.Release|Any CPU.ActiveCfg = Release|Any CPU
		{686C7DCF-3479-416D-9C28-039A5AB8E0F0}.Release|Any CPU.Build.0 = Release|Any CPU
	EndGlobalSection
EndGlobal
